
Microsoft Visual Studio Solution File, Format Version 12.00
# Visual Studio Version 17
VisualStudioVersion = 17.0.32112.339
MinimumVisualStudioVersion = 10.0.40219.1
Project("{FAE04EC0-301F-11D3-BF4B-00C04F79EFBC}") = "shop123", "shop123\shop123.csproj", "{80229000-44D4-4460-8E77-790978A3BAFF}"
EndProject
Global
	GlobalSection(SolutionConfigurationPlatforms) = preSolution
		Debug|Any CPU = Debug|Any CPU
		Release|Any CPU = Release|Any CPU
	EndGlobalSection
	GlobalSection(ProjectConfigurationPlatforms) = postSolution
		{80229000-44D4-4460-8E77-790978A3BAFF}.Debug|Any CPU.ActiveCfg = Debug|Any CPU
		{80229000-44D4-4460-8E77-790978A3BAFF}.Debug|Any CPU.Build.0 = Debug|Any CPU
		{80229000-44D4-4460-8E77-790978A3BAFF}.Release|Any CPU.ActiveCfg = Release|Any CPU
		{80229000-44D4-4460-8E77-790978A3BAFF}.Release|Any CPU.Build.0 = Release|Any CPU
	EndGlobalSection
	GlobalSection(SolutionProperties) = preSolution
		HideSolutionNode = FALSE
	EndGlobalSection
	GlobalSection(ExtensibilityGlobals) = postSolution
		SolutionGuid = {12C22E81-E32C-4018-94AC-AA2B1D3AEAA0}
	EndGlobalSection
EndGlobal
